
Microsoft Visual Studio Solution File, Format Version 12.00
# Visual Studio 14
VisualStudioVersion = 14.0.23107.0
MinimumVisualStudioVersion = 10.0.40219.1
Project("{FAE04EC0-301F-11D3-BF4B-00C04F79EFBC}") = "EASEncoder", "EASEncoder\EASEncoder.csproj", "{AFD825E7-C024-4BC7-B41C-4D717C7680CD}"
EndProject
Project("{2150E333-8FDC-42A3-9474-1A3956D46DE8}") = "Solution Items", "Solution Items", "{041CD190-7D8E-4B2F-B250-A6B2351AD40C}"
EndProject
Project("{FAE04EC0-301F-11D3-BF4B-00C04F79EFBC}") = "EASEncoder Test App", "EASEncoder Test App\EASEncoder Test App.csproj", "{20918895-68F1-4DB2-BDAA-CE82E93340CE}"
EndProject
Global
	GlobalSection(SolutionConfigurationPlatforms) = preSolution
		Debug|Any CPU = Debug|Any CPU
		Release|Any CPU = Release|Any CPU
	EndGlobalSection
	GlobalSection(ProjectConfigurationPlatforms) = postSolution
		{AFD825E7-C024-4BC7-B41C-4D717C7680CD}.Debug|Any CPU.ActiveCfg = Debug|Any CPU
		{AFD825E7-C024-4BC7-B41C-4D717C7680CD}.Debug|Any CPU.Build.0 = Debug|Any CPU
		{AFD825E7-C024-4BC7-B41C-4D717C7680CD}.Release|Any CPU.ActiveCfg = Release|Any CPU
		{AFD825E7-C024-4BC7-B41C-4D717C7680CD}.Release|Any CPU.Build.0 = Release|Any CPU
		{20918895-68F1-4DB2-BDAA-CE82E93340CE}.Debug|Any CPU.ActiveCfg = Debug|Any CPU
		{20918895-68F1-4DB2-BDAA-CE82E93340CE}.Debug|Any CPU.Build.0 = Debug|Any CPU
		{20918895-68F1-4DB2-BDAA-CE82E93340CE}.Release|Any CPU.ActiveCfg = Release|Any CPU
		{20918895-68F1-4DB2-BDAA-CE82E93340CE}.Release|Any CPU.Build.0 = Release|Any CPU
	EndGlobalSection
	GlobalSection(SolutionProperties) = preSolution
		HideSolutionNode = FALSE
	EndGlobalSection
EndGlobal
